
Microsoft Visual Studio Solution File, Format Version 12.00
# Visual Studio Version 17
VisualStudioVersion = 17.5.002.0
MinimumVisualStudioVersion = 10.0.40219.1
Project("{2150E333-8FDC-42A3-9474-1A3956D46DE8}") = "src", "src", "{A8A35F49-9817-4CE3-B831-06AF13C13C7C}"
EndProject
Project("{9A19103F-16F7-4668-BE54-9A1E7A4F7556}") = "Playground", "src\Server\Playground.csproj", "{0277E019-4B0A-47F0-9A51-49F2E4436973}"
EndProject
Global
	GlobalSection(SolutionConfigurationPlatforms) = preSolution
		Debug|Any CPU = Debug|Any CPU
		Release|Any CPU = Release|Any CPU
	EndGlobalSection
	GlobalSection(ProjectConfigurationPlatforms) = postSolution
		{0277E019-4B0A-47F0-9A51-49F2E4436973}.Debug|Any CPU.ActiveCfg = Debug|Any CPU
		{0277E019-4B0A-47F0-9A51-49F2E4436973}.Debug|Any CPU.Build.0 = Debug|Any CPU
		{0277E019-4B0A-47F0-9A51-49F2E4436973}.Release|Any CPU.ActiveCfg = Release|Any CPU
		{0277E019-4B0A-47F0-9A51-49F2E4436973}.Release|Any CPU.Build.0 = Release|Any CPU
	EndGlobalSection
	GlobalSection(SolutionProperties) = preSolution
		HideSolutionNode = FALSE
	EndGlobalSection
	GlobalSection(NestedProjects) = preSolution
		{0277E019-4B0A-47F0-9A51-49F2E4436973} = {A8A35F49-9817-4CE3-B831-06AF13C13C7C}
	EndGlobalSection
	GlobalSection(ExtensibilityGlobals) = postSolution
		SolutionGuid = {77C705A7-5FE7-4AF7-9DF8-21843A238828}
	EndGlobalSection
EndGlobal
